// !$*UTF8*$!
{
	archiveVersion = 1;
	classes = {
	};
	objectVersion = 77;
	objects = {

/* Begin PBXBuildFile section */
		BC371E0A2EAFC664006A976E /* FirebaseAuth in Frameworks */ = {isa = PBXBuildFile; productRef = BC371E092EAFC664006A976E /* FirebaseAuth */; };
		BC371E0C2EAFC664006A976E /* FirebaseCore in Frameworks */ = {isa = PBXBuildFile; productRef = BC371E0B2EAFC664006A976E /* FirebaseCore */; };
		BCDFE7B52EBD37760047C295 /* GoogleSignIn in Frameworks */ = {isa = PBXBuildFile; productRef = BCDFE7B42EBD37760047C295 /* GoogleSignIn */; };
		BCDFE7B72EBD37760047C295 /* GoogleSignInSwift in Frameworks */ = {isa = PBXBuildFile; productRef = BCDFE7B62EBD37760047C295 /* GoogleSignInSwift */; };
/* End PBXBuildFile section */

/* Begin PBXContainerItemProxy section */
		625AF4512E9C551100747120 /* PBXContainerItemProxy */ = {
			isa = PBXContainerItemProxy;
			containerPortal = 625AF4362E9C550F00747120 /* Project object */;
			proxyType = 1;
			remoteGlobalIDString = 625AF43D2E9C550F00747120;
			remoteInfo = Kompas;
		};
		625AF45B2E9C551100747120 /* PBXContainerItemProxy */ = {
			isa = PBXContainerItemProxy;
			containerPortal = 625AF4362E9C550F00747120 /* Project object */;
			proxyType = 1;
			remoteGlobalIDString = 625AF43D2E9C550F00747120;
			remoteInfo = Kompas;
		};
/* End PBXContainerItemProxy section */

/* Begin PBXFileReference section */
		625AF43E2E9C550F00747120 /* Kompas.app */ = {isa = PBXFileReference; explicitFileType = wrapper.application; includeInIndex = 0; path = Kompas.app; sourceTree = BUILT_PRODUCTS_DIR; };
		625AF4502E9C551100747120 /* KompasTests.xctest */ = {isa = PBXFileReference; explicitFileType = wrapper.cfbundle; includeInIndex = 0; path = KompasTests.xctest; sourceTree = BUILT_PRODUCTS_DIR; };
		625AF45A2E9C551100747120 /* KompasUITests.xctest */ = {isa = PBXFileReference; explicitFileType = wrapper.cfbundle; includeInIndex = 0; path = KompasUITests.xctest; sourceTree = BUILT_PRODUCTS_DIR; };
/* End PBXFileReference section */

/* Begin PBXFileSystemSynchronizedRootGroup section */
		625AF4402E9C550F00747120 /* Kompas */ = {
			isa = PBXFileSystemSynchronizedRootGroup;
			path = Kompas;
			sourceTree = "<group>";
		};
		625AF4532E9C551100747120 /* KompasTests */ = {
			isa = PBXFileSystemSynchronizedRootGroup;
			path = KompasTests;
			sourceTree = "<group>";
		};
		625AF45D2E9C551100747120 /* KompasUITests */ = {
			isa = PBXFileSystemSynchronizedRootGroup;
			path = KompasUITests;
			sourceTree = "<group>";
		};
/* End PBXFileSystemSynchronizedRootGroup section */

/* Begin PBXFrameworksBuildPhase section */
		625AF43B2E9C550F00747120 /* Frameworks */ = {
			isa = PBXFrameworksBuildPhase;
			buildActionMask = 2147483647;
			files = (
				BC371E0C2EAFC664006A976E /* FirebaseCore in Frameworks */,
				BC371E0A2EAFC664006A976E /* FirebaseAuth in Frameworks */,
				BCDFE7B52EBD37760047C295 /* GoogleSignIn in Frameworks */,
				BCDFE7B72EBD37760047C295 /* GoogleSignInSwift in Frameworks */,
			);
			runOnlyForDeploymentPostprocessing = 0;
		};
		625AF44D2E9C551100747120 /* Frameworks */ = {
			isa = PBXFrameworksBuildPhase;
			buildActionMask = 2147483647;
			files = (
			);
			runOnlyForDeploymentPostprocessing = 0;
		};
		625AF4572E9C551100747120 /* Frameworks */ = {
			isa = PBXFrameworksBuildPhase;
			buildActionMask = 2147483647;
			files = (
			);
			runOnlyForDeploymentPostprocessing = 0;
		};
/* End PBXFrameworksBuildPhase section */

/* Begin PBXGroup section */
		625AF4352E9C550F00747120 = {
			isa = PBXGroup;
			children = (
				625AF4402E9C550F00747120 /* Kompas */,
				625AF4532E9C551100747120 /* KompasTests */,
				625AF45D2E9C551100747120 /* KompasUITests */,
				625AF43F2E9C550F00747120 /* Products */,
			);
			sourceTree = "<group>";
		};
		625AF43F2E9C550F00747120 /* Products */ = {
			isa = PBXGroup;
			children = (
				625AF43E2E9C550F00747120 /* Kompas.app */,
				625AF4502E9C551100747120 /* KompasTests.xctest */,
				625AF45A2E9C551100747120 /* KompasUITests.xctest */,
			);
			name = Products;
			sourceTree = "<group>";
		};
/* End PBXGroup section */

/* Begin PBXNativeTarget section */
		625AF43D2E9C550F00747120 /* Kompas */ = {
			isa = PBXNativeTarget;
			buildConfigurationList = 625AF4642E9C551100747120 /* Build configuration list for PBXNativeTarget "Kompas" */;
			buildPhases = (
				625AF43A2E9C550F00747120 /* Sources */,
				625AF43B2E9C550F00747120 /* Frameworks */,
				625AF43C2E9C550F00747120 /* Resources */,
			);
			buildRules = (
			);
			dependencies = (
			);
			fileSystemSynchronizedGroups = (
				625AF4402E9C550F00747120 /* Kompas */,
			);
			name = Kompas;
			packageProductDependencies = (
				BC371E092EAFC664006A976E /* FirebaseAuth */,
				BC371E0B2EAFC664006A976E /* FirebaseCore */,
				BCDFE7B42EBD37760047C295 /* GoogleSignIn */,
				BCDFE7B62EBD37760047C295 /* GoogleSignInSwift */,
			);
			productName = Kompas;
			productReference = 625AF43E2E9C550F00747120 /* Kompas.app */;
			productType = "com.apple.product-type.application";
		};
		625AF44F2E9C551100747120 /* KompasTests */ = {
			isa = PBXNativeTarget;
			buildConfigurationList = 625AF4672E9C551100747120 /* Build configuration list for PBXNativeTarget "KompasTests" */;
			buildPhases = (
				625AF44C2E9C551100747120 /* Sources */,
				625AF44D2E9C551100747120 /* Frameworks */,
				625AF44E2E9C551100747120 /* Resources */,
			);
			buildRules = (
			);
			dependencies = (
				625AF4522E9C551100747120 /* PBXTargetDependency */,
			);
			fileSystemSynchronizedGroups = (
				625AF4532E9C551100747120 /* KompasTests */,
			);
			name = KompasTests;
			packageProductDependencies = (
			);
			productName = KompasTests;
			productReference = 625AF4502E9C551100747120 /* KompasTests.xctest */;
			productType = "com.apple.product-type.bundle.unit-test";
		};
		625AF4592E9C551100747120 /* KompasUITests */ = {
			isa = PBXNativeTarget;
			buildConfigurationList = 625AF46A2E9C551100747120 /* Build configuration list for PBXNativeTarget "KompasUITests" */;
			buildPhases = (
				625AF4562E9C551100747120 /* Sources */,
				625AF4572E9C551100747120 /* Frameworks */,
				625AF4582E9C551100747120 /* Resources */,
			);
			buildRules = (
			);
			dependencies = (
				625AF45C2E9C551100747120 /* PBXTargetDependency */,
			);
			fileSystemSynchronizedGroups = (
				625AF45D2E9C551100747120 /* KompasUITests */,
			);
			name = KompasUITests;
			packageProductDependencies = (
			);
			productName = KompasUITests;
			productReference = 625AF45A2E9C551100747120 /* KompasUITests.xctest */;
			productType = "com.apple.product-type.bundle.ui-testing";
		};
/* End PBXNativeTarget section */

/* Begin PBXProject section */
		625AF4362E9C550F00747120 /* Project object */ = {
			isa = PBXProject;
			attributes = {
				BuildIndependentTargetsInParallel = 1;
				LastSwiftUpdateCheck = 1640;
				LastUpgradeCheck = 1640;
				TargetAttributes = {
					625AF43D2E9C550F00747120 = {
						CreatedOnToolsVersion = 16.4;
					};
					625AF44F2E9C551100747120 = {
						CreatedOnToolsVersion = 16.4;
						TestTargetID = 625AF43D2E9C550F00747120;
					};
					625AF4592E9C551100747120 = {
						CreatedOnToolsVersion = 16.4;
						TestTargetID = 625AF43D2E9C550F00747120;
					};
				};
			};
			buildConfigurationList = 625AF4392E9C550F00747120 /* Build configuration list for PBXProject "Kompas" */;
			developmentRegion = en;
			hasScannedForEncodings = 0;
			knownRegions = (
				en,
				Base,
			);
			mainGroup = 625AF4352E9C550F00747120;
			minimizedProjectReferenceProxies = 1;
			packageReferences = (
				BC371E062EAFC3D5006A976E /* XCRemoteSwiftPackageReference "firebase-ios-sdk" */,
				BCDFE7B32EBD37010047C295 /* XCRemoteSwiftPackageReference "GoogleSignIn-iOS" */,
			);
			preferredProjectObjectVersion = 77;
			productRefGroup = 625AF43F2E9C550F00747120 /* Products */;
			projectDirPath = "";
			projectRoot = "";
			targets = (
				625AF43D2E9C550F00747120 /* Kompas */,
				625AF44F2E9C551100747120 /* KompasTests */,
				625AF4592E9C551100747120 /* KompasUITests */,
			);
		};
/* End PBXProject section */

/* Begin PBXResourcesBuildPhase section */
		625AF43C2E9C550F00747120 /* Resources */ = {
			isa = PBXResourcesBuildPhase;
			buildActionMask = 2147483647;
			files = (
			);
			runOnlyForDeploymentPostprocessing = 0;
		};
		625AF44E2E9C551100747120 /* Resources */ = {
			isa = PBXResourcesBuildPhase;
			buildActionMask = 2147483647;
			files = (
			);
			runOnlyForDeploymentPostprocessing = 0;
		};
		625AF4582E9C551100747120 /* Resources */ = {
			isa = PBXResourcesBuildPhase;
			buildActionMask = 2147483647;
			files = (
			);
			runOnlyForDeploymentPostprocessing = 0;
		};
/* End PBXResourcesBuildPhase section */

/* Begin PBXSourcesBuildPhase section */
		625AF43A2E9C550F00747120 /* Sources */ = {
			isa = PBXSourcesBuildPhase;
			buildActionMask = 2147483647;
			files = (
			);
			runOnlyForDeploymentPostprocessing = 0;
		};
		625AF44C2E9C551100747120 /* Sources */ = {
			isa = PBXSourcesBuildPhase;
			buildActionMask = 2147483647;
			files = (
			);
			runOnlyForDeploymentPostprocessing = 0;
		};
		625AF4562E9C551100747120 /* Sources */ = {
			isa = PBXSourcesBuildPhase;
			buildActionMask = 2147483647;
			files = (
			);
			runOnlyForDeploymentPostprocessing = 0;
		};
/* End PBXSourcesBuildPhase section */

/* Begin PBXTargetDependency section */
		625AF4522E9C551100747120 /* PBXTargetDependency */ = {
			isa = PBXTargetDependency;
			target = 625AF43D2E9C550F00747120 /* Kompas */;
			targetProxy = 625AF4512E9C551100747120 /* PBXContainerItemProxy */;
		};
		625AF45C2E9C551100747120 /* PBXTargetDependency */ = {
			isa = PBXTargetDependency;
			target = 625AF43D2E9C550F00747120 /* Kompas */;
			targetProxy = 625AF45B2E9C551100747120 /* PBXContainerItemProxy */;
		};
/* End PBXTargetDependency section */

/* Begin XCBuildConfiguration section */
		625AF4622E9C551100747120 /* Debug */ = {
			isa = XCBuildConfiguration;
			buildSettings = {
				ALWAYS_SEARCH_USER_PATHS = NO;
				ASSETCATALOG_COMPILER_GENERATE_SWIFT_ASSET_SYMBOL_EXTENSIONS = YES;
				CLANG_ANALYZER_NONNULL = YES;
				CLANG_ANALYZER_NUMBER_OBJECT_CONVERSION = YES_AGGRESSIVE;
				CLANG_CXX_LANGUAGE_STANDARD = "gnu++20";
				CLANG_ENABLE_MODULES = YES;
				CLANG_ENABLE_OBJC_ARC = YES;
				CLANG_ENABLE_OBJC_WEAK = YES;
				CLANG_WARN_BLOCK_CAPTURE_AUTORELEASING = YES;
				CLANG_WARN_BOOL_CONVERSION = YES;
				CLANG_WARN_COMMA = YES;
				CLANG_WARN_CONSTANT_CONVERSION = YES;
				CLANG_WARN_DEPRECATED_OBJC_IMPLEMENTATIONS = YES;
				CLANG_WARN_DIRECT_OBJC_ISA_USAGE = YES_ERROR;
				CLANG_WARN_DOCUMENTATION_COMMENTS = YES;
				CLANG_WARN_EMPTY_BODY = YES;
				CLANG_WARN_ENUM_CONVERSION = YES;
				CLANG_WARN_INFINITE_RECURSION = YES;
				CLANG_WARN_INT_CONVERSION = YES;
				CLANG_WARN_NON_LITERAL_NULL_CONVERSION = YES;
				CLANG_WARN_OBJC_IMPLICIT_RETAIN_SELF = YES;
				CLANG_WARN_OBJC_LITERAL_CONVERSION = YES;
				CLANG_WARN_OBJC_ROOT_CLASS = YES_ERROR;
				CLANG_WARN_QUOTED_INCLUDE_IN_FRAMEWORK_HEADER = YES;
				CLANG_WARN_RANGE_LOOP_ANALYSIS = YES;
				CLANG_WARN_STRICT_PROTOTYPES = YES;
				CLANG_WARN_SUSPICIOUS_MOVE = YES;
				CLANG_WARN_UNGUARDED_AVAILABILITY = YES_AGGRESSIVE;
				CLANG_WARN_UNREACHABLE_CODE = YES;
				CLANG_WARN__DUPLICATE_METHOD_MATCH = YES;
				COPY_PHASE_STRIP = NO;
				DEBUG_INFORMATION_FORMAT = dwarf;
				DEVELOPMENT_TEAM = 4ZG23TP7QX;
				ENABLE_STRICT_OBJC_MSGSEND = YES;
				ENABLE_TESTABILITY = YES;
				ENABLE_USER_SCRIPT_SANDBOXING = YES;
				GCC_C_LANGUAGE_STANDARD = gnu17;
				GCC_DYNAMIC_NO_PIC = NO;
				GCC_NO_COMMON_BLOCKS = YES;
				GCC_OPTIMIZATION_LEVEL = 0;
				GCC_PREPROCESSOR_DEFINITIONS = (
					"DEBUG=1",
					"$(inherited)",
				);
				GCC_WARN_64_TO_32_BIT_CONVERSION = YES;
				GCC_WARN_ABOUT_RETURN_TYPE = YES_ERROR;
				GCC_WARN_UNDECLARED_SELECTOR = YES;
				GCC_WARN_UNINITIALIZED_AUTOS = YES_AGGRESSIVE;
				GCC_WARN_UNUSED_FUNCTION = YES;
				GCC_WARN_UNUSED_VARIABLE = YES;
				IPHONEOS_DEPLOYMENT_TARGET = 18.5;
				LOCALIZATION_PREFERS_STRING_CATALOGS = YES;
				MTL_ENABLE_DEBUG_INFO = INCLUDE_SOURCE;
				MTL_FAST_MATH = YES;
				ONLY_ACTIVE_ARCH = YES;
				SDKROOT = iphoneos;
				SWIFT_ACTIVE_COMPILATION_CONDITIONS = "DEBUG $(inherited)";
				SWIFT_OPTIMIZATION_LEVEL = "-Onone";
			};
			name = Debug;
		};
		625AF4632E9C551100747120 /* Release */ = {
			isa = XCBuildConfiguration;
			buildSettings = {
				ALWAYS_SEARCH_USER_PATHS = NO;
				ASSETCATALOG_COMPILER_GENERATE_SWIFT_ASSET_SYMBOL_EXTENSIONS = YES;
				CLANG_ANALYZER_NONNULL = YES;
				CLANG_ANALYZER_NUMBER_OBJECT_CONVERSION = YES_AGGRESSIVE;
				CLANG_CXX_LANGUAGE_STANDARD = "gnu++20";
				CLANG_ENABLE_MODULES = YES;
				CLANG_ENABLE_OBJC_ARC = YES;
				CLANG_ENABLE_OBJC_WEAK = YES;
				CLANG_WARN_BLOCK_CAPTURE_AUTORELEASING = YES;
				CLANG_WARN_BOOL_CONVERSION = YES;
				CLANG_WARN_COMMA = YES;
				CLANG_WARN_CONSTANT_CONVERSION = YES;
				CLANG_WARN_DEPRECATED_OBJC_IMPLEMENTATIONS = YES;
				CLANG_WARN_DIRECT_OBJC_ISA_USAGE = YES_ERROR;
				CLANG_WARN_DOCUMENTATION_COMMENTS = YES;
				CLANG_WARN_EMPTY_BODY = YES;
				CLANG_WARN_ENUM_CONVERSION = YES;
				CLANG_WARN_INFINITE_RECURSION = YES;
				CLANG_WARN_INT_CONVERSION = YES;
				CLANG_WARN_NON_LITERAL_NULL_CONVERSION = YES;
				CLANG_WARN_OBJC_IMPLICIT_RETAIN_SELF = YES;
				CLANG_WARN_OBJC_LITERAL_CONVERSION = YES;
				CLANG_WARN_OBJC_ROOT_CLASS = YES_ERROR;
				CLANG_WARN_QUOTED_INCLUDE_IN_FRAMEWORK_HEADER = YES;
				CLANG_WARN_RANGE_LOOP_ANALYSIS = YES;
				CLANG_WARN_STRICT_PROTOTYPES = YES;
				CLANG_WARN_SUSPICIOUS_MOVE = YES;
				CLANG_WARN_UNGUARDED_AVAILABILITY = YES_AGGRESSIVE;
				CLANG_WARN_UNREACHABLE_CODE = YES;
				CLANG_WARN__DUPLICATE_METHOD_MATCH = YES;
				COPY_PHASE_STRIP = NO;
				DEBUG_INFORMATION_FORMAT = "dwarf-with-dsym";
				DEVELOPMENT_TEAM = 4ZG23TP7QX;
				ENABLE_NS_ASSERTIONS = NO;
				ENABLE_STRICT_OBJC_MSGSEND = YES;
				ENABLE_USER_SCRIPT_SANDBOXING = YES;
				GCC_C_LANGUAGE_STANDARD = gnu17;
				GCC_NO_COMMON_BLOCKS = YES;
				GCC_WARN_64_TO_32_BIT_CONVERSION = YES;
				GCC_WARN_ABOUT_RETURN_TYPE = YES_ERROR;
				GCC_WARN_UNDECLARED_SELECTOR = YES;
				GCC_WARN_UNINITIALIZED_AUTOS = YES_AGGRESSIVE;
				GCC_WARN_UNUSED_FUNCTION = YES;
				GCC_WARN_UNUSED_VARIABLE = YES;
				IPHONEOS_DEPLOYMENT_TARGET = 18.5;
				LOCALIZATION_PREFERS_STRING_CATALOGS = YES;
				MTL_ENABLE_DEBUG_INFO = NO;
				MTL_FAST_MATH = YES;
				SDKROOT = iphoneos;
				SWIFT_COMPILATION_MODE = wholemodule;
				VALIDATE_PRODUCT = YES;
			};
			name = Release;
		};
		625AF4652E9C551100747120 /* Debug */ = {
			isa = XCBuildConfiguration;
			buildSettings = {
				ASSETCATALOG_COMPILER_APPICON_NAME = AppIcon;
				ASSETCATALOG_COMPILER_GLOBAL_ACCENT_COLOR_NAME = AccentColor;
				CODE_SIGN_STYLE = Automatic;
				CURRENT_PROJECT_VERSION = 1;
				DEVELOPMENT_TEAM = 54NJD49W96;
				ENABLE_PREVIEWS = YES;
				GENERATE_INFOPLIST_FILE = YES;
				INFOPLIST_KEY_NSLocationWhenInUseUsageDescription = "Tu ubicación se usará para centrar el mapa.";
				INFOPLIST_KEY_UIApplicationSceneManifest_Generation = YES;
				INFOPLIST_KEY_UIApplicationSupportsIndirectInputEvents = YES;
				INFOPLIST_KEY_UILaunchScreen_Generation = YES;
				INFOPLIST_KEY_UISupportedInterfaceOrientations_iPad = "UIInterfaceOrientationPortrait UIInterfaceOrientationPortraitUpsideDown UIInterfaceOrientationLandscapeLeft UIInterfaceOrientationLandscapeRight";
				INFOPLIST_KEY_UISupportedInterfaceOrientations_iPhone = "UIInterfaceOrientationPortrait UIInterfaceOrientationLandscapeLeft UIInterfaceOrientationLandscapeRight";
				LD_RUNPATH_SEARCH_PATHS = (
					"$(inherited)",
					"@executable_path/Frameworks",
				);
				MARKETING_VERSION = 1.0;
				PRODUCT_BUNDLE_IDENTIFIER = cl.kompas.Kompas;
				PRODUCT_NAME = "$(TARGET_NAME)";
				SWIFT_EMIT_LOC_STRINGS = YES;
				SWIFT_VERSION = 5.0;
				TARGETED_DEVICE_FAMILY = "1,2";
			};
			name = Debug;
		};
		625AF4662E9C551100747120 /* Release */ = {
			isa = XCBuildConfiguration;
			buildSettings = {
				ASSETCATALOG_COMPILER_APPICON_NAME = AppIcon;
				ASSETCATALOG_COMPILER_GLOBAL_ACCENT_COLOR_NAME = AccentColor;
				CODE_SIGN_STYLE = Automatic;
				CURRENT_PROJECT_VERSION = 1;
				DEVELOPMENT_TEAM = 54NJD49W96;
				ENABLE_PREVIEWS = YES;
				GENERATE_INFOPLIST_FILE = YES;
				INFOPLIST_KEY_NSLocationWhenInUseUsageDescription = "Tu ubicación se usará para centrar el mapa.";
				INFOPLIST_KEY_UIApplicationSceneManifest_Generation = YES;
				INFOPLIST_KEY_UIApplicationSupportsIndirectInputEvents = YES;
				INFOPLIST_KEY_UILaunchScreen_Generation = YES;
				INFOPLIST_KEY_UISupportedInterfaceOrientations_iPad = "UIInterfaceOrientationPortrait UIInterfaceOrientationPortraitUpsideDown UIInterfaceOrientationLandscapeLeft UIInterfaceOrientationLandscapeRight";
				INFOPLIST_KEY_UISupportedInterfaceOrientations_iPhone = "UIInterfaceOrientationPortrait UIInterfaceOrientationLandscapeLeft UIInterfaceOrientationLandscapeRight";
				LD_RUNPATH_SEARCH_PATHS = (
					"$(inherited)",
					"@executable_path/Frameworks",
				);
				MARKETING_VERSION = 1.0;
				PRODUCT_BUNDLE_IDENTIFIER = cl.kompas.Kompas;
				PRODUCT_NAME = "$(TARGET_NAME)";
				SWIFT_EMIT_LOC_STRINGS = YES;
				SWIFT_VERSION = 5.0;
				TARGETED_DEVICE_FAMILY = "1,2";
			};
			name = Release;
		};
		625AF4682E9C551100747120 /* Debug */ = {
			isa = XCBuildConfiguration;
			buildSettings = {
				BUNDLE_LOADER = "$(TEST_HOST)";
				CODE_SIGN_STYLE = Automatic;
				CURRENT_PROJECT_VERSION = 1;
				DEVELOPMENT_TEAM = 4ZG23TP7QX;
				GENERATE_INFOPLIST_FILE = YES;
				IPHONEOS_DEPLOYMENT_TARGET = 18.5;
				MARKETING_VERSION = 1.0;
				PRODUCT_BUNDLE_IDENTIFIER = cl.kompas.KompasTests;
				PRODUCT_NAME = "$(TARGET_NAME)";
				SWIFT_EMIT_LOC_STRINGS = NO;
				SWIFT_VERSION = 5.0;
				TARGETED_DEVICE_FAMILY = "1,2";
				TEST_HOST = "$(BUILT_PRODUCTS_DIR)/Kompas.app/$(BUNDLE_EXECUTABLE_FOLDER_PATH)/Kompas";
			};
			name = Debug;
		};
		625AF4692E9C551100747120 /* Release */ = {
			isa = XCBuildConfiguration;
			buildSettings = {
				BUNDLE_LOADER = "$(TEST_HOST)";
				CODE_SIGN_STYLE = Automatic;
				CURRENT_PROJECT_VERSION = 1;
				DEVELOPMENT_TEAM = 4ZG23TP7QX;
				GENERATE_INFOPLIST_FILE = YES;
				IPHONEOS_DEPLOYMENT_TARGET = 18.5;
				MARKETING_VERSION = 1.0;
				PRODUCT_BUNDLE_IDENTIFIER = cl.kompas.KompasTests;
				PRODUCT_NAME = "$(TARGET_NAME)";
				SWIFT_EMIT_LOC_STRINGS = NO;
				SWIFT_VERSION = 5.0;
				TARGETED_DEVICE_FAMILY = "1,2";
				TEST_HOST = "$(BUILT_PRODUCTS_DIR)/Kompas.app/$(BUNDLE_EXECUTABLE_FOLDER_PATH)/Kompas";
			};
			name = Release;
		};
		625AF46B2E9C551100747120 /* Debug */ = {
			isa = XCBuildConfiguration;
			buildSettings = {
				CODE_SIGN_STYLE = Automatic;
				CURRENT_PROJECT_VERSION = 1;
				DEVELOPMENT_TEAM = 4ZG23TP7QX;
				GENERATE_INFOPLIST_FILE = YES;
				MARKETING_VERSION = 1.0;
				PRODUCT_BUNDLE_IDENTIFIER = cl.kompas.KompasUITests;
				PRODUCT_NAME = "$(TARGET_NAME)";
				SWIFT_EMIT_LOC_STRINGS = NO;
				SWIFT_VERSION = 5.0;
				TARGETED_DEVICE_FAMILY = "1,2";
				TEST_TARGET_NAME = Kompas;
			};
			name = Debug;
		};
		625AF46C2E9C551100747120 /* Release */ = {
			isa = XCBuildConfiguration;
			buildSettings = {
				CODE_SIGN_STYLE = Automatic;
				CURRENT_PROJECT_VERSION = 1;
				DEVELOPMENT_TEAM = 4ZG23TP7QX;
				GENERATE_INFOPLIST_FILE = YES;
				MARKETING_VERSION = 1.0;
				PRODUCT_BUNDLE_IDENTIFIER = cl.kompas.KompasUITests;
				PRODUCT_NAME = "$(TARGET_NAME)";
				SWIFT_EMIT_LOC_STRINGS = NO;
				SWIFT_VERSION = 5.0;
				TARGETED_DEVICE_FAMILY = "1,2";
				TEST_TARGET_NAME = Kompas;
			};
			name = Release;
		};
/* End XCBuildConfiguration section */

/* Begin XCConfigurationList section */
		625AF4392E9C550F00747120 /* Build configuration list for PBXProject "Kompas" */ = {
			isa = XCConfigurationList;
			buildConfigurations = (
				625AF4622E9C551100747120 /* Debug */,
				625AF4632E9C551100747120 /* Release */,
			);
			defaultConfigurationIsVisible = 0;
			defaultConfigurationName = Release;
		};
		625AF4642E9C551100747120 /* Build configuration list for PBXNativeTarget "Kompas" */ = {
			isa = XCConfigurationList;
			buildConfigurations = (
				625AF4652E9C551100747120 /* Debug */,
				625AF4662E9C551100747120 /* Release */,
			);
			defaultConfigurationIsVisible = 0;
			defaultConfigurationName = Release;
		};
		625AF4672E9C551100747120 /* Build configuration list for PBXNativeTarget "KompasTests" */ = {
			isa = XCConfigurationList;
			buildConfigurations = (
				625AF4682E9C551100747120 /* Debug */,
				625AF4692E9C551100747120 /* Release */,
			);
			defaultConfigurationIsVisible = 0;
			defaultConfigurationName = Release;
		};
		625AF46A2E9C551100747120 /* Build configuration list for PBXNativeTarget "KompasUITests" */ = {
			isa = XCConfigurationList;
			buildConfigurations = (
				625AF46B2E9C551100747120 /* Debug */,
				625AF46C2E9C551100747120 /* Release */,
			);
			defaultConfigurationIsVisible = 0;
			defaultConfigurationName = Release;
		};
/* End XCConfigurationList section */

/* Begin XCRemoteSwiftPackageReference section */
		BC371E062EAFC3D5006A976E /* XCRemoteSwiftPackageReference "firebase-ios-sdk" */ = {
			isa = XCRemoteSwiftPackageReference;
			repositoryURL = "https://github.com/firebase/firebase-ios-sdk";
			requirement = {
				kind = upToNextMajorVersion;
				minimumVersion = 12.4.0;
			};
		};
		BCDFE7B32EBD37010047C295 /* XCRemoteSwiftPackageReference "GoogleSignIn-iOS" */ = {
			isa = XCRemoteSwiftPackageReference;
			repositoryURL = "https://github.com/google/GoogleSignIn-iOS";
			requirement = {
				kind = upToNextMajorVersion;
				minimumVersion = 9.0.0;
			};
		};
/* End XCRemoteSwiftPackageReference section */

/* Begin XCSwiftPackageProductDependency section */
		BC371E092EAFC664006A976E /* FirebaseAuth */ = {
			isa = XCSwiftPackageProductDependency;
			package = BC371E062EAFC3D5006A976E /* XCRemoteSwiftPackageReference "firebase-ios-sdk" */;
			productName = FirebaseAuth;
		};
		BC371E0B2EAFC664006A976E /* FirebaseCore */ = {
			isa = XCSwiftPackageProductDependency;
			package = BC371E062EAFC3D5006A976E /* XCRemoteSwiftPackageReference "firebase-ios-sdk" */;
			productName = FirebaseCore;
		};
		BCDFE7B42EBD37760047C295 /* GoogleSignIn */ = {
			isa = XCSwiftPackageProductDependency;
			package = BCDFE7B32EBD37010047C295 /* XCRemoteSwiftPackageReference "GoogleSignIn-iOS" */;
			productName = GoogleSignIn;
		};
		BCDFE7B62EBD37760047C295 /* GoogleSignInSwift */ = {
			isa = XCSwiftPackageProductDependency;
			package = BCDFE7B32EBD37010047C295 /* XCRemoteSwiftPackageReference "GoogleSignIn-iOS" */;
			productName = GoogleSignInSwift;
		};
/* End XCSwiftPackageProductDependency section */
	};
	rootObject = 625AF4362E9C550F00747120 /* Project object */;
}
